github.com/ChrisScotMartin/ait-b v0.0.0-20221116180045-9fa87a5188ff h1:kxF0hIJgMHeWAhfeqokz3XvEUn+hd8+K0PahHb7z8VI=
github.com/ChrisScotMartin/ait-b v0.0.0-20221116180045-9fa87a5188ff/go.mod h1:odqUTr6UPHvdgTS0YxR7OqHtL4EKL4WQ4H2+Yqc5/Nc=
github.com/ChrisScotMartin/ait-c v0.0.0-20221116180106-03d30d017fd3 h1:MQA/LZfg4bX8rebaFK/16gZCWhD2vv7G6D6ltOja+gs=
github.com/ChrisScotMartin/ait-c v0.0.0-20221116180106-03d30d017fd3/go.mod h1:UptGV9HAe+1vloa+SZk4oGvv28Q+c0/vReklRUCMU28=
